
Microsoft Visual Studio Solution File, Format Version 12.00
# Visual Studio 15
VisualStudioVersion = 15.0.28307.1169
MinimumVisualStudioVersion = 10.0.40219.1
Project("{FAE04EC0-301F-11D3-BF4B-00C04F79EFBC}") = "HomeWork10", "HomeWork10\HomeWork10.csproj", "{F2A68F9D-5CF8-4CB8-A895-BA90DA5CF18F}"
EndProject
Global
	GlobalSection(SolutionConfigurationPlatforms) = preSolution
		Debug|Any CPU = Debug|Any CPU
		Release|Any CPU = Release|Any CPU
	EndGlobalSection
	GlobalSection(ProjectConfigurationPlatforms) = postSolution
		{F2A68F9D-5CF8-4CB8-A895-BA90DA5CF18F}.Debug|Any CPU.ActiveCfg = Debug|Any CPU
		{F2A68F9D-5CF8-4CB8-A895-BA90DA5CF18F}.Debug|Any CPU.Build.0 = Debug|Any CPU
		{F2A68F9D-5CF8-4CB8-A895-BA90DA5CF18F}.Release|Any CPU.ActiveCfg = Release|Any CPU
		{F2A68F9D-5CF8-4CB8-A895-BA90DA5CF18F}.Release|Any CPU.Build.0 = Release|Any CPU
	EndGlobalSection
	GlobalSection(SolutionProperties) = preSolution
		HideSolutionNode = FALSE
	EndGlobalSection
	GlobalSection(ExtensibilityGlobals) = postSolution
		SolutionGuid = {9CA8A316-7C63-45AD-8658-DF68399A18CE}
	EndGlobalSection
EndGlobal
