
Microsoft Visual Studio Solution File, Format Version 12.00
# Visual Studio 15
VisualStudioVersion = 15.0.28307.1169
MinimumVisualStudioVersion = 10.0.40219.1
Project("{FAE04EC0-301F-11D3-BF4B-00C04F79EFBC}") = "HomeWork2_4", "HomeWork2_4\HomeWork2_4.csproj", "{0B9C52F5-43EC-4C6E-B75C-7856FC42D407}"
EndProject
Global
	GlobalSection(SolutionConfigurationPlatforms) = preSolution
		Debug|Any CPU = Debug|Any CPU
		Release|Any CPU = Release|Any CPU
	EndGlobalSection
	GlobalSection(ProjectConfigurationPlatforms) = postSolution
		{0B9C52F5-43EC-4C6E-B75C-7856FC42D407}.Debug|Any CPU.ActiveCfg = Debug|Any CPU
		{0B9C52F5-43EC-4C6E-B75C-7856FC42D407}.Debug|Any CPU.Build.0 = Debug|Any CPU
		{0B9C52F5-43EC-4C6E-B75C-7856FC42D407}.Release|Any CPU.ActiveCfg = Release|Any CPU
		{0B9C52F5-43EC-4C6E-B75C-7856FC42D407}.Release|Any CPU.Build.0 = Release|Any CPU
	EndGlobalSection
	GlobalSection(SolutionProperties) = preSolution
		HideSolutionNode = FALSE
	EndGlobalSection
	GlobalSection(ExtensibilityGlobals) = postSolution
		SolutionGuid = {ABDF74FA-48F7-4AA6-80C9-3D31A7CB228B}
	EndGlobalSection
EndGlobal
