
Microsoft Visual Studio Solution File, Format Version 12.00
# Visual Studio 15
VisualStudioVersion = 15.0.28307.1169
MinimumVisualStudioVersion = 10.0.40219.1
Project("{FAE04EC0-301F-11D3-BF4B-00C04F79EFBC}") = "HomeWork7", "HomeWork7\HomeWork7.csproj", "{4CC09B94-17CF-4E77-A89D-D34D02FF74A4}"
EndProject
Global
	GlobalSection(SolutionConfigurationPlatforms) = preSolution
		Debug|Any CPU = Debug|Any CPU
		Release|Any CPU = Release|Any CPU
	EndGlobalSection
	GlobalSection(ProjectConfigurationPlatforms) = postSolution
		{4CC09B94-17CF-4E77-A89D-D34D02FF74A4}.Debug|Any CPU.ActiveCfg = Debug|Any CPU
		{4CC09B94-17CF-4E77-A89D-D34D02FF74A4}.Debug|Any CPU.Build.0 = Debug|Any CPU
		{4CC09B94-17CF-4E77-A89D-D34D02FF74A4}.Release|Any CPU.ActiveCfg = Release|Any CPU
		{4CC09B94-17CF-4E77-A89D-D34D02FF74A4}.Release|Any CPU.Build.0 = Release|Any CPU
	EndGlobalSection
	GlobalSection(SolutionProperties) = preSolution
		HideSolutionNode = FALSE
	EndGlobalSection
	GlobalSection(ExtensibilityGlobals) = postSolution
		SolutionGuid = {153A8A91-7391-4A90-ABA1-89C295BC0509}
	EndGlobalSection
EndGlobal
