
Microsoft Visual Studio Solution File, Format Version 12.00
# Visual Studio 15
VisualStudioVersion = 15.0.28307.1169
MinimumVisualStudioVersion = 10.0.40219.1
Project("{FAE04EC0-301F-11D3-BF4B-00C04F79EFBC}") = "HomeWork2_1", "HomeWork2_1\HomeWork2_1.csproj", "{7056AAA6-C260-40A4-B532-9AC33AAF307C}"
EndProject
Global
	GlobalSection(SolutionConfigurationPlatforms) = preSolution
		Debug|Any CPU = Debug|Any CPU
		Release|Any CPU = Release|Any CPU
	EndGlobalSection
	GlobalSection(ProjectConfigurationPlatforms) = postSolution
		{7056AAA6-C260-40A4-B532-9AC33AAF307C}.Debug|Any CPU.ActiveCfg = Debug|Any CPU
		{7056AAA6-C260-40A4-B532-9AC33AAF307C}.Debug|Any CPU.Build.0 = Debug|Any CPU
		{7056AAA6-C260-40A4-B532-9AC33AAF307C}.Release|Any CPU.ActiveCfg = Release|Any CPU
		{7056AAA6-C260-40A4-B532-9AC33AAF307C}.Release|Any CPU.Build.0 = Release|Any CPU
	EndGlobalSection
	GlobalSection(SolutionProperties) = preSolution
		HideSolutionNode = FALSE
	EndGlobalSection
	GlobalSection(ExtensibilityGlobals) = postSolution
		SolutionGuid = {F104118D-33B5-4789-A273-842ACE98E1E0}
	EndGlobalSection
EndGlobal
