
Microsoft Visual Studio Solution File, Format Version 12.00
# Visual Studio 15
VisualStudioVersion = 15.0.28307.1169
MinimumVisualStudioVersion = 10.0.40219.1
Project("{FAE04EC0-301F-11D3-BF4B-00C04F79EFBC}") = "HomeWork2_3", "HomeWork2_3\HomeWork2_3.csproj", "{97BA04A9-A08B-44F3-BF41-360691F7DCC1}"
EndProject
Global
	GlobalSection(SolutionConfigurationPlatforms) = preSolution
		Debug|Any CPU = Debug|Any CPU
		Release|Any CPU = Release|Any CPU
	EndGlobalSection
	GlobalSection(ProjectConfigurationPlatforms) = postSolution
		{97BA04A9-A08B-44F3-BF41-360691F7DCC1}.Debug|Any CPU.ActiveCfg = Debug|Any CPU
		{97BA04A9-A08B-44F3-BF41-360691F7DCC1}.Debug|Any CPU.Build.0 = Debug|Any CPU
		{97BA04A9-A08B-44F3-BF41-360691F7DCC1}.Release|Any CPU.ActiveCfg = Release|Any CPU
		{97BA04A9-A08B-44F3-BF41-360691F7DCC1}.Release|Any CPU.Build.0 = Release|Any CPU
	EndGlobalSection
	GlobalSection(SolutionProperties) = preSolution
		HideSolutionNode = FALSE
	EndGlobalSection
	GlobalSection(ExtensibilityGlobals) = postSolution
		SolutionGuid = {2AD2BFA0-D23F-4C42-B57A-D40DBFF698DB}
	EndGlobalSection
EndGlobal
