
Microsoft Visual Studio Solution File, Format Version 12.00
# Visual Studio 15
VisualStudioVersion = 15.0.28307.1169
MinimumVisualStudioVersion = 10.0.40219.1
Project("{FAE04EC0-301F-11D3-BF4B-00C04F79EFBC}") = "HomeWork9", "HomeWork9\HomeWork9.csproj", "{8B83926C-34BD-48ED-98F3-AF3575E337BA}"
EndProject
Global
	GlobalSection(SolutionConfigurationPlatforms) = preSolution
		Debug|Any CPU = Debug|Any CPU
		Release|Any CPU = Release|Any CPU
	EndGlobalSection
	GlobalSection(ProjectConfigurationPlatforms) = postSolution
		{8B83926C-34BD-48ED-98F3-AF3575E337BA}.Debug|Any CPU.ActiveCfg = Debug|Any CPU
		{8B83926C-34BD-48ED-98F3-AF3575E337BA}.Debug|Any CPU.Build.0 = Debug|Any CPU
		{8B83926C-34BD-48ED-98F3-AF3575E337BA}.Release|Any CPU.ActiveCfg = Release|Any CPU
		{8B83926C-34BD-48ED-98F3-AF3575E337BA}.Release|Any CPU.Build.0 = Release|Any CPU
	EndGlobalSection
	GlobalSection(SolutionProperties) = preSolution
		HideSolutionNode = FALSE
	EndGlobalSection
	GlobalSection(ExtensibilityGlobals) = postSolution
		SolutionGuid = {ECA3104E-6703-4FC5-AB6F-204BB88F02F6}
	EndGlobalSection
EndGlobal
